
Microsoft Visual Studio Solution File, Format Version 12.00
# Visual Studio Version 17
VisualStudioVersion = 17.8.34309.116
MinimumVisualStudioVersion = 10.0.40219.1
Project("{FAE04EC0-301F-11D3-BF4B-00C04F79EFBC}") = "MailJob", "MailJob\MailJob.csproj", "{9013570B-C151-469E-A440-C398818B4664}"
EndProject
Global
	GlobalSection(SolutionConfigurationPlatforms) = preSolution
		Debug|Any CPU = Debug|Any CPU
		Release|Any CPU = Release|Any CPU
	EndGlobalSection
	GlobalSection(ProjectConfigurationPlatforms) = postSolution
		{9013570B-C151-469E-A440-C398818B4664}.Debug|Any CPU.ActiveCfg = Debug|Any CPU
		{9013570B-C151-469E-A440-C398818B4664}.Debug|Any CPU.Build.0 = Debug|Any CPU
		{9013570B-C151-469E-A440-C398818B4664}.Release|Any CPU.ActiveCfg = Release|Any CPU
		{9013570B-C151-469E-A440-C398818B4664}.Release|Any CPU.Build.0 = Release|Any CPU
	EndGlobalSection
	GlobalSection(SolutionProperties) = preSolution
		HideSolutionNode = FALSE
	EndGlobalSection
	GlobalSection(ExtensibilityGlobals) = postSolution
		SolutionGuid = {B3271DBF-9653-4C96-BDA6-3608889F9A39}
	EndGlobalSection
EndGlobal
